
Microsoft Visual Studio Solution File, Format Version 12.00
# Visual Studio Version 17
VisualStudioVersion = 17.10.35122.118
MinimumVisualStudioVersion = 10.0.40219.1
Project("{FAE04EC0-301F-11D3-BF4B-00C04F79EFBC}") = "ViewComponentsPartialMvc", "ViewComponentsPartialMvc\ViewComponentsPartialMvc.csproj", "{2984641C-4B89-4D69-801E-ACED0E9DD17F}"
EndProject
Global
	GlobalSection(SolutionConfigurationPlatforms) = preSolution
		Debug|Any CPU = Debug|Any CPU
		Release|Any CPU = Release|Any CPU
	EndGlobalSection
	GlobalSection(ProjectConfigurationPlatforms) = postSolution
		{2984641C-4B89-4D69-801E-ACED0E9DD17F}.Debug|Any CPU.ActiveCfg = Debug|Any CPU
		{2984641C-4B89-4D69-801E-ACED0E9DD17F}.Debug|Any CPU.Build.0 = Debug|Any CPU
		{2984641C-4B89-4D69-801E-ACED0E9DD17F}.Release|Any CPU.ActiveCfg = Release|Any CPU
		{2984641C-4B89-4D69-801E-ACED0E9DD17F}.Release|Any CPU.Build.0 = Release|Any CPU
	EndGlobalSection
	GlobalSection(SolutionProperties) = preSolution
		HideSolutionNode = FALSE
	EndGlobalSection
	GlobalSection(ExtensibilityGlobals) = postSolution
		SolutionGuid = {98B2B4D1-38C0-4063-9E2E-C8E91A473290}
	EndGlobalSection
EndGlobal
